
Microsoft Visual Studio Solution File, Format Version 12.00
# Visual Studio Version 17
VisualStudioVersion = 17.14.36414.22 d17.14
MinimumVisualStudioVersion = 10.0.40219.1
Project("{FAE04EC0-301F-11D3-BF4B-00C04F79EFBC}") = "Practica clase", "Practica clase\Practica clase.csproj", "{98DEE445-BC87-4972-8554-A9F11935DC1E}"
EndProject
Global
	GlobalSection(SolutionConfigurationPlatforms) = preSolution
		Debug|Any CPU = Debug|Any CPU
		Release|Any CPU = Release|Any CPU
	EndGlobalSection
	GlobalSection(ProjectConfigurationPlatforms) = postSolution
		{98DEE445-BC87-4972-8554-A9F11935DC1E}.Debug|Any CPU.ActiveCfg = Debug|Any CPU
		{98DEE445-BC87-4972-8554-A9F11935DC1E}.Debug|Any CPU.Build.0 = Debug|Any CPU
		{98DEE445-BC87-4972-8554-A9F11935DC1E}.Release|Any CPU.ActiveCfg = Release|Any CPU
		{98DEE445-BC87-4972-8554-A9F11935DC1E}.Release|Any CPU.Build.0 = Release|Any CPU
	EndGlobalSection
	GlobalSection(SolutionProperties) = preSolution
		HideSolutionNode = FALSE
	EndGlobalSection
	GlobalSection(ExtensibilityGlobals) = postSolution
		SolutionGuid = {D6408E06-D5E5-4C12-95F8-D30997BF5AF9}
	EndGlobalSection
EndGlobal
